
Microsoft Visual Studio Solution File, Format Version 11.00
# Visual Studio 2010
Project("{FAE04EC0-301F-11D3-BF4B-00C04F79EFBC}") = "RabbitUnity", "Assembly-CSharp.csproj", "{E4EA3B5D-551D-9287-BE2C-D98B368A9841}"
EndProject
Project("{FAE04EC0-301F-11D3-BF4B-00C04F79EFBC}") = "RabbitUnity", "Assembly-CSharp-Editor.csproj", "{A4E58433-2C36-5A3D-DBFA-E4C04082D003}"
EndProject
Global
	GlobalSection(SolutionConfigurationPlatforms) = preSolution
		Debug|Any CPU = Debug|Any CPU
		Release|Any CPU = Release|Any CPU
	EndGlobalSection
	GlobalSection(ProjectConfigurationPlatforms) = postSolution
		{E4EA3B5D-551D-9287-BE2C-D98B368A9841}.Debug|Any CPU.ActiveCfg = Debug|Any CPU
		{E4EA3B5D-551D-9287-BE2C-D98B368A9841}.Debug|Any CPU.Build.0 = Debug|Any CPU
		{E4EA3B5D-551D-9287-BE2C-D98B368A9841}.Release|Any CPU.ActiveCfg = Release|Any CPU
		{E4EA3B5D-551D-9287-BE2C-D98B368A9841}.Release|Any CPU.Build.0 = Release|Any CPU
		{A4E58433-2C36-5A3D-DBFA-E4C04082D003}.Debug|Any CPU.ActiveCfg = Debug|Any CPU
		{A4E58433-2C36-5A3D-DBFA-E4C04082D003}.Debug|Any CPU.Build.0 = Debug|Any CPU
		{A4E58433-2C36-5A3D-DBFA-E4C04082D003}.Release|Any CPU.ActiveCfg = Release|Any CPU
		{A4E58433-2C36-5A3D-DBFA-E4C04082D003}.Release|Any CPU.Build.0 = Release|Any CPU
	EndGlobalSection
	GlobalSection(SolutionProperties) = preSolution
		HideSolutionNode = FALSE
	EndGlobalSection
	GlobalSection(MonoDevelopProperties) = preSolution
		StartupItem = Assembly-CSharp.csproj
	EndGlobalSection
EndGlobal
